{
  "name": "herbivore",
  "version": "0.1.2",
  "lockfileVersion": 1,
  "requires": true,
  "dependencies": {
    "acorn": {
      "version": "4.0.13",
      "resolved": "https://registry.npmjs.org/acorn/-/acorn-4.0.13.tgz",
      "integrity": "sha1-EFSVrlNh1pe9GVyCUZLhrX8lN4c="
    },
    "amdefine": {
      "version": "1.0.1",
      "resolved": "https://registry.npmjs.org/amdefine/-/amdefine-1.0.1.tgz",
      "integrity": "sha1-SlKCrBZHKek2Gbz9OtFR+BfOkfU="
    },
    "animate.css": {
      "version": "3.5.2",
      "resolved": "https://registry.npmjs.org/animate.css/-/animate.css-3.5.2.tgz",
      "integrity": "sha1-keZo3AaagI5eSZUUhnuXquAWbDY="
    },
    "ansi-regex": {
      "version": "2.1.1",
      "resolved": "https://registry.npmjs.org/ansi-regex/-/ansi-regex-2.1.1.tgz",
      "integrity": "sha1-w7M6te42DYbg5ijwRorn7yfWVN8="
    },
    "arp-a": {
      "version": "0.5.1",
      "resolved": "https://registry.npmjs.org/arp-a/-/arp-a-0.5.1.tgz",
      "integrity": "sha1-xriy3USbE4llNRjKm1yxDFVVWNM="
    },
    "ast-types": {
      "version": "0.9.6",
      "resolved": "https://registry.npmjs.org/ast-types/-/ast-types-0.9.6.tgz",
      "integrity": "sha1-ECyenpAF0+fjgpvwxPok7oYu6bk="
    },
    "async": {
      "version": "1.5.2",
      "resolved": "https://registry.npmjs.org/async/-/async-1.5.2.tgz",
      "integrity": "sha1-7GphrlZIDAw8skHJVhjiCJL5Zyo="
    },
    "balanced-match": {
      "version": "1.0.0",
      "resolved": "https://registry.npmjs.org/balanced-match/-/balanced-match-1.0.0.tgz",
      "integrity": "sha1-ibTRmasr7kneFk6gK4nORi1xt2c="
    },
    "base62": {
      "version": "1.2.0",
      "resolved": "https://registry.npmjs.org/base62/-/base62-1.2.0.tgz",
      "integrity": "sha1-MeflYNyEbJ9EwaUx32UU2jVHQVc="
    },
    "brace-expansion": {
      "version": "1.1.8",
      "resolved": "https://registry.npmjs.org/brace-expansion/-/brace-expansion-1.1.8.tgz",
      "integrity": "sha1-wHshHHyVLsH479Uad+8NHTmQopI=",
      "requires": {
        "balanced-match": "1.0.0",
        "concat-map": "0.0.1"
      }
    },
    "capture-stack-trace": {
      "version": "1.0.0",
      "resolved": "https://registry.npmjs.org/capture-stack-trace/-/capture-stack-trace-1.0.0.tgz",
      "integrity": "sha1-Sm+gc5nCa7pH8LJJa00PtAjFVQ0="
    },
    "char-spinner": {
      "version": "1.0.1",
      "resolved": "https://registry.npmjs.org/char-spinner/-/char-spinner-1.0.1.tgz",
      "integrity": "sha1-5upnvSR+EHESmDt6sEee02KAAIE="
    },
    "child-process-promise": {
      "version": "2.2.1",
      "resolved": "https://registry.npmjs.org/child-process-promise/-/child-process-promise-2.2.1.tgz",
      "integrity": "sha1-RzChHvYQ+tRQuPIjx50x172tgHQ=",
      "requires": {
        "cross-spawn": "4.0.2",
        "node-version": "1.1.0",
        "promise-polyfill": "6.0.2"
      }
    },
    "clone": {
      "version": "1.0.2",
      "resolved": "https://registry.npmjs.org/clone/-/clone-1.0.2.tgz",
      "integrity": "sha1-Jgt6meux7f4kdTgXX3gyQ8sZ0Uk="
    },
    "columnify": {
      "version": "1.5.4",
      "resolved": "https://registry.npmjs.org/columnify/-/columnify-1.5.4.tgz",
      "integrity": "sha1-Rzfd8ce2mop8NAVweC6UfuyOeLs=",
      "requires": {
        "strip-ansi": "3.0.1",
        "wcwidth": "1.0.1"
      }
    },
    "commander": {
      "version": "2.11.0",
      "resolved": "https://registry.npmjs.org/commander/-/commander-2.11.0.tgz",
      "integrity": "sha512-b0553uYA5YAEGgyYIGYROzKQ7X5RAqedkfjiZxwi0kL1g3bOaBNNZfYkzt/CL0umgD5wc9Jec2FbB98CjkMRvQ=="
    },
    "commoner": {
      "version": "0.10.8",
      "resolved": "https://registry.npmjs.org/commoner/-/commoner-0.10.8.tgz",
      "integrity": "sha1-NPw2cs0kOT6LtH5wyqApOBH08sU=",
      "requires": {
        "commander": "2.11.0",
        "detective": "4.5.0",
        "glob": "5.0.15",
        "graceful-fs": "4.1.11",
        "iconv-lite": "0.4.18",
        "mkdirp": "0.5.1",
        "private": "0.1.7",
        "q": "1.5.0",
        "recast": "0.11.23"
      }
    },
    "concat-map": {
      "version": "0.0.1",
      "resolved": "https://registry.npmjs.org/concat-map/-/concat-map-0.0.1.tgz",
      "integrity": "sha1-2Klr13/Wjfd5OnMDajug1UBdR3s="
    },
    "country-data": {
      "version": "0.0.31",
      "resolved": "https://registry.npmjs.org/country-data/-/country-data-0.0.31.tgz",
      "integrity": "sha1-gJZrjh0Uf6bWpYnTKTP4eTd0lW0=",
      "requires": {
        "currency-symbol-map": "2.2.0",
        "underscore": "1.8.3"
      }
    },
    "create-error-class": {
      "version": "3.0.2",
      "resolved": "https://registry.npmjs.org/create-error-class/-/create-error-class-3.0.2.tgz",
      "integrity": "sha1-Br56vvlHo/FKMP1hBnHUAbyot7Y=",
      "requires": {
        "capture-stack-trace": "1.0.0"
      }
    },
    "cross-spawn": {
      "version": "4.0.2",
      "resolved": "https://registry.npmjs.org/cross-spawn/-/cross-spawn-4.0.2.tgz",
      "integrity": "sha1-e5JHYhwjrf3ThWAEqCPL45dCTUE=",
      "requires": {
        "lru-cache": "4.1.1",
        "which": "1.3.0"
      }
    },
    "currency-symbol-map": {
      "version": "2.2.0",
      "resolved": "https://registry.npmjs.org/currency-symbol-map/-/currency-symbol-map-2.2.0.tgz",
      "integrity": "sha1-KzwYcv8aws5ZXYJz5Y4f/wJyrqI="
    },
    "d3": {
      "version": "4.10.0",
      "resolved": "https://registry.npmjs.org/d3/-/d3-4.10.0.tgz",
      "integrity": "sha512-PXnXfSEgrYOspAIU4ujlsJuIVHvVbT/AidBMedq6XRPXbbUwPI2rqe9kbuQofCaAW/IipdT5gSbTKw/5Xjbb5Q==",
      "requires": {
        "d3-array": "1.2.0",
        "d3-axis": "1.0.8",
        "d3-brush": "1.0.4",
        "d3-chord": "1.0.4",
        "d3-collection": "1.0.4",
        "d3-color": "1.0.3",
        "d3-dispatch": "1.0.3",
        "d3-drag": "1.1.1",
        "d3-dsv": "1.0.5",
        "d3-ease": "1.0.3",
        "d3-force": "1.0.6",
        "d3-format": "1.2.0",
        "d3-geo": "1.6.4",
        "d3-hierarchy": "1.1.5",
        "d3-interpolate": "1.1.5",
        "d3-path": "1.0.5",
        "d3-polygon": "1.0.3",
        "d3-quadtree": "1.0.3",
        "d3-queue": "3.0.7",
        "d3-random": "1.1.0",
        "d3-request": "1.0.5",
        "d3-scale": "1.0.6",
        "d3-selection": "1.1.0",
        "d3-shape": "1.2.0",
        "d3-time": "1.0.7",
        "d3-time-format": "2.0.5",
        "d3-timer": "1.0.6",
        "d3-transition": "1.1.0",
        "d3-voronoi": "1.1.2",
        "d3-zoom": "1.5.0"
      }
    },
    "d3-array": {
      "version": "1.2.0",
      "resolved": "https://registry.npmjs.org/d3-array/-/d3-array-1.2.0.tgz",
      "integrity": "sha1-FH0mlyDhdMQFen9CvosPPyulMQg="
    },
    "d3-axis": {
      "version": "1.0.8",
      "resolved": "https://registry.npmjs.org/d3-axis/-/d3-axis-1.0.8.tgz",
      "integrity": "sha1-MacFoLU15ldZ3hQXOjGTMTfxjvo="
    },
    "d3-brush": {
      "version": "1.0.4",
      "resolved": "https://registry.npmjs.org/d3-brush/-/d3-brush-1.0.4.tgz",
      "integrity": "sha1-AMLyOAGfJPbAoZSibUGhUw/+e8Q=",
      "requires": {
        "d3-dispatch": "1.0.3",
        "d3-drag": "1.1.1",
        "d3-interpolate": "1.1.5",
        "d3-selection": "1.1.0",
        "d3-transition": "1.1.0"
      }
    },
    "d3-chord": {
      "version": "1.0.4",
      "resolved": "https://registry.npmjs.org/d3-chord/-/d3-chord-1.0.4.tgz",
      "integrity": "sha1-fexPC6iG9xP+ERxF92NBT290yiw=",
      "requires": {
        "d3-array": "1.2.0",
        "d3-path": "1.0.5"
      }
    },
    "d3-collection": {
      "version": "1.0.4",
      "resolved": "https://registry.npmjs.org/d3-collection/-/d3-collection-1.0.4.tgz",
      "integrity": "sha1-NC39EoN8kJdPM/HMCnha6lcNzcI="
    },
    "d3-color": {
      "version": "1.0.3",
      "resolved": "https://registry.npmjs.org/d3-color/-/d3-color-1.0.3.tgz",
      "integrity": "sha1-vHZD/KjlOoNH4vva/6I2eWtYUJs="
    },
    "d3-dispatch": {
      "version": "1.0.3",
      "resolved": "https://registry.npmjs.org/d3-dispatch/-/d3-dispatch-1.0.3.tgz",
      "integrity": "sha1-RuFJHqqbWMNY/OW+TovtYm54cfg="
    },
    "d3-drag": {
      "version": "1.1.1",
      "resolved": "https://registry.npmjs.org/d3-drag/-/d3-drag-1.1.1.tgz",
      "integrity": "sha512-51aazbUuZZhPZzXv9xxwPOJTeDSVv8cXNd8oFxqJyR8ZBD9yLd09CFGSDSm3ArViHg2D5Wo1qCaKl7Efj/qchg==",
      "requires": {
        "d3-dispatch": "1.0.3",
        "d3-selection": "1.1.0"
      }
    },
    "d3-dsv": {
      "version": "1.0.5",
      "resolved": "https://registry.npmjs.org/d3-dsv/-/d3-dsv-1.0.5.tgz",
      "integrity": "sha1-QZ99tH9ih4n8P9tjbmeESdCCETY=",
      "requires": {
        "commander": "2.11.0",
        "iconv-lite": "0.4.18",
        "rw": "1.3.3"
      }
    },
    "d3-ease": {
      "version": "1.0.3",
      "resolved": "https://registry.npmjs.org/d3-ease/-/d3-ease-1.0.3.tgz",
      "integrity": "sha1-aL+8NJM4o4DETYrMT7wzBKotjA4="
    },
    "d3-force": {
      "version": "1.0.6",
      "resolved": "https://registry.npmjs.org/d3-force/-/d3-force-1.0.6.tgz",
      "integrity": "sha1-6n4bdzDiZkzTFPWU1nGMV8wTK3k=",
      "requires": {
        "d3-collection": "1.0.4",
        "d3-dispatch": "1.0.3",
        "d3-quadtree": "1.0.3",
        "d3-timer": "1.0.6"
      }
    },
    "d3-format": {
      "version": "1.2.0",
      "resolved": "https://registry.npmjs.org/d3-format/-/d3-format-1.2.0.tgz",
      "integrity": "sha1-a0gLqohohdRlHcJIqPSsnaFtsHo="
    },
    "d3-geo": {
      "version": "1.6.4",
      "resolved": "https://registry.npmjs.org/d3-geo/-/d3-geo-1.6.4.tgz",
      "integrity": "sha1-8g4eRhyxhF9ai+Vatvh2VCp+MZk=",
      "requires": {
        "d3-array": "1.2.0"
      }
    },
    "d3-hierarchy": {
      "version": "1.1.5",
      "resolved": "https://registry.npmjs.org/d3-hierarchy/-/d3-hierarchy-1.1.5.tgz",
      "integrity": "sha1-ochFxC+Eoga88cAcAQmOpN2qeiY="
    },
    "d3-interpolate": {
      "version": "1.1.5",
      "resolved": "https://registry.npmjs.org/d3-interpolate/-/d3-interpolate-1.1.5.tgz",
      "integrity": "sha1-aeCZ/zkhRxblY8muw+qdHqS4p58=",
      "requires": {
        "d3-color": "1.0.3"
      }
    },
    "d3-path": {
      "version": "1.0.5",
      "resolved": "https://registry.npmjs.org/d3-path/-/d3-path-1.0.5.tgz",
      "integrity": "sha1-JB6xhJvZ6egCHA0KeZ+KDo5EF2Q="
    },
    "d3-polygon": {
      "version": "1.0.3",
      "resolved": "https://registry.npmjs.org/d3-polygon/-/d3-polygon-1.0.3.tgz",
      "integrity": "sha1-FoiOkCZGCTPysXllKtN4Ik04LGI="
    },
    "d3-quadtree": {
      "version": "1.0.3",
      "resolved": "https://registry.npmjs.org/d3-quadtree/-/d3-quadtree-1.0.3.tgz",
      "integrity": "sha1-rHmH4+I/6AWpkPKOG1DTj8uCJDg="
    },
    "d3-queue": {
      "version": "3.0.7",
      "resolved": "https://registry.npmjs.org/d3-queue/-/d3-queue-3.0.7.tgz",
      "integrity": "sha1-yTouVLQXwJWRKdfXP2z31Ckudhg="
    },
    "d3-random": {
      "version": "1.1.0",
      "resolved": "https://registry.npmjs.org/d3-random/-/d3-random-1.1.0.tgz",
      "integrity": "sha1-ZkLlBsb6OmSFldKyRpeIqNElKdM="
    },
    "d3-request": {
      "version": "1.0.5",
      "resolved": "https://registry.npmjs.org/d3-request/-/d3-request-1.0.5.tgz",
      "integrity": "sha1-TarpRtHdDVff4B8CKVY1SVjVHyM=",
      "requires": {
        "d3-collection": "1.0.4",
        "d3-dispatch": "1.0.3",
        "d3-dsv": "1.0.5",
        "xmlhttprequest": "1.8.0"
      }
    },
    "d3-scale": {
      "version": "1.0.6",
      "resolved": "https://registry.npmjs.org/d3-scale/-/d3-scale-1.0.6.tgz",
      "integrity": "sha1-vOGdqA06DPQiyVQ64zIghiILNO0=",
      "requires": {
        "d3-array": "1.2.0",
        "d3-collection": "1.0.4",
        "d3-color": "1.0.3",
        "d3-format": "1.2.0",
        "d3-interpolate": "1.1.5",
        "d3-time": "1.0.7",
        "d3-time-format": "2.0.5"
      }
    },
    "d3-selection": {
      "version": "1.1.0",
      "resolved": "https://registry.npmjs.org/d3-selection/-/d3-selection-1.1.0.tgz",
      "integrity": "sha1-GZhoSJZIj4OcoDchI9o08dMYgJw="
    },
    "d3-shape": {
      "version": "1.2.0",
      "resolved": "https://registry.npmjs.org/d3-shape/-/d3-shape-1.2.0.tgz",
      "integrity": "sha1-RdAVOPBkuv0F6j1tLLdI/YxB93c=",
      "requires": {
        "d3-path": "1.0.5"
      }
    },
    "d3-time": {
      "version": "1.0.7",
      "resolved": "https://registry.npmjs.org/d3-time/-/d3-time-1.0.7.tgz",
      "integrity": "sha1-lMr27bt4ebuAnQ0fdXK8SEgvcnA="
    },
    "d3-time-format": {
      "version": "2.0.5",
      "resolved": "https://registry.npmjs.org/d3-time-format/-/d3-time-format-2.0.5.tgz",
      "integrity": "sha1-nXeAIE98kRnJFwsaVttN6aivly4=",
      "requires": {
        "d3-time": "1.0.7"
      }
    },
    "d3-timer": {
      "version": "1.0.6",
      "resolved": "https://registry.npmjs.org/d3-timer/-/d3-timer-1.0.6.tgz",
      "integrity": "sha1-QES/FdcCXAbOfRFJ9zzQe1Tb14Q="
    },
    "d3-transition": {
      "version": "1.1.0",
      "resolved": "https://registry.npmjs.org/d3-transition/-/d3-transition-1.1.0.tgz",
      "integrity": "sha1-z8hcdOUjkyQpBUZiNXKZBWDDlm8=",
      "requires": {
        "d3-color": "1.0.3",
        "d3-dispatch": "1.0.3",
        "d3-ease": "1.0.3",
        "d3-interpolate": "1.1.5",
        "d3-selection": "1.1.0",
        "d3-timer": "1.0.6"
      }
    },
    "d3-voronoi": {
      "version": "1.1.2",
      "resolved": "https://registry.npmjs.org/d3-voronoi/-/d3-voronoi-1.1.2.tgz",
      "integrity": "sha1-Fodmfo8TotFYyAwUgMWinLDYlzw="
    },
    "d3-zoom": {
      "version": "1.5.0",
      "resolved": "https://registry.npmjs.org/d3-zoom/-/d3-zoom-1.5.0.tgz",
      "integrity": "sha512-tc/ONeSUVuwHczjjK4jQPd0T1iZ+lfsz8TbguAAceY5qs057hp4WLglkPWValkuVjCyeGpqiA2iTm8S++NJ84w==",
      "requires": {
        "d3-dispatch": "1.0.3",
        "d3-drag": "1.1.1",
        "d3-interpolate": "1.1.5",
        "d3-selection": "1.1.0",
        "d3-transition": "1.1.0"
      }
    },
    "debug": {
      "version": "2.6.8",
      "resolved": "https://registry.npmjs.org/debug/-/debug-2.6.8.tgz",
      "integrity": "sha1-5zFTHKLt4n0YgiJCfaF4IdaP9Pw=",
      "requires": {
        "ms": "2.0.0"
      }
    },
    "decompress-response": {
      "version": "3.3.0",
      "resolved": "https://registry.npmjs.org/decompress-response/-/decompress-response-3.3.0.tgz",
      "integrity": "sha1-gKTdMjdIOEv6JICDYirt7Jgq3/M=",
      "requires": {
        "mimic-response": "1.0.0"
      }
    },
    "defaults": {
      "version": "1.0.3",
      "resolved": "https://registry.npmjs.org/defaults/-/defaults-1.0.3.tgz",
      "integrity": "sha1-xlYFHpgX2f8I7YgUd/P+QBnz730=",
      "requires": {
        "clone": "1.0.2"
      }
    },
    "defined": {
      "version": "1.0.0",
      "resolved": "https://registry.npmjs.org/defined/-/defined-1.0.0.tgz",
      "integrity": "sha1-yY2bzvdWdBiOEQlpFRGZ45sfppM="
    },
    "detective": {
      "version": "4.5.0",
      "resolved": "https://registry.npmjs.org/detective/-/detective-4.5.0.tgz",
      "integrity": "sha1-blqMaybmx6JUsca210kNmOyR7dE=",
      "requires": {
        "acorn": "4.0.13",
        "defined": "1.0.0"
      }
    },
    "duplexer3": {
      "version": "0.1.4",
      "resolved": "https://registry.npmjs.org/duplexer3/-/duplexer3-0.1.4.tgz",
      "integrity": "sha1-7gHdHKwO08vH/b6jfcCo8c4ALOI="
    },
    "envify": {
      "version": "3.4.1",
      "resolved": "https://registry.npmjs.org/envify/-/envify-3.4.1.tgz",
      "integrity": "sha1-1xIjKejfFoi6dxsSUBkXyc5cvOg=",
      "requires": {
        "jstransform": "11.0.3",
        "through": "2.3.8"
      }
    },
    "esprima-fb": {
      "version": "15001.1.0-dev-harmony-fb",
      "resolved": "https://registry.npmjs.org/esprima-fb/-/esprima-fb-15001.1.0-dev-harmony-fb.tgz",
      "integrity": "sha1-MKlHMDxrjV6VW+4rmbHSMyBqaQE="
    },
    "font-awesome": {
      "version": "4.7.0",
      "resolved": "https://registry.npmjs.org/font-awesome/-/font-awesome-4.7.0.tgz",
      "integrity": "sha1-j6jPBBGhoxr9B7BtKQK7n8gVoTM="
    },
    "get-stdin": {
      "version": "5.0.1",
      "resolved": "https://registry.npmjs.org/get-stdin/-/get-stdin-5.0.1.tgz",
      "integrity": "sha1-Ei4WFZHiH/TFJTAwVpPyDmOTo5g="
    },
    "get-stream": {
      "version": "3.0.0",
      "resolved": "https://registry.npmjs.org/get-stream/-/get-stream-3.0.0.tgz",
      "integrity": "sha1-jpQ9E1jcN1VQVOy+LtsFqhdO3hQ="
    },
    "glob": {
      "version": "5.0.15",
      "resolved": "https://registry.npmjs.org/glob/-/glob-5.0.15.tgz",
      "integrity": "sha1-G8k2ueAvSmA/zCIuz3Yz0wuLk7E=",
      "requires": {
        "inflight": "1.0.6",
        "inherits": "2.0.3",
        "minimatch": "3.0.4",
        "once": "1.4.0",
        "path-is-absolute": "1.0.1"
      }
    },
    "got": {
      "version": "6.7.1",
      "resolved": "https://registry.npmjs.org/got/-/got-6.7.1.tgz",
      "integrity": "sha1-JAzQV4WpoY5WHcG0S0HHY+8ejbA=",
      "requires": {
        "create-error-class": "3.0.2",
        "duplexer3": "0.1.4",
        "get-stream": "3.0.0",
        "is-redirect": "1.0.0",
        "is-retry-allowed": "1.1.0",
        "is-stream": "1.1.0",
        "lowercase-keys": "1.0.0",
        "safe-buffer": "5.1.1",
        "timed-out": "4.0.1",
        "unzip-response": "2.0.1",
        "url-parse-lax": "1.0.0"
      }
    },
    "graceful-fs": {
      "version": "4.1.11",
      "resolved": "https://registry.npmjs.org/graceful-fs/-/graceful-fs-4.1.11.tgz",
      "integrity": "sha1-Dovf5NHduIVNZOBOp8AOKgJuVlg="
    },
    "has-symbol-support-x": {
      "version": "1.4.0",
      "resolved": "https://registry.npmjs.org/has-symbol-support-x/-/has-symbol-support-x-1.4.0.tgz",
      "integrity": "sha512-F1NtLDtW9NyUrS3faUcI1yVFHCTXyzPb1jfrZBQi5NHxFPlXxZnFLFGzfA2DsdmgCxv2MZ0+bfcgC4EZTmk4SQ=="
    },
    "has-to-string-tag-x": {
      "version": "1.4.0",
      "resolved": "https://registry.npmjs.org/has-to-string-tag-x/-/has-to-string-tag-x-1.4.0.tgz",
      "integrity": "sha512-R3OdOP9j6AH5hS1yXeu9wAS+iKSZQx/CC6aMdN6WiaqPlBoA2S+47MtoMsZgKr2m0eAJ+73WWGX0RaFFE5XWKA==",
      "requires": {
        "has-symbol-support-x": "1.4.0"
      }
    },
    "iconv-lite": {
      "version": "0.4.18",
      "resolved": "https://registry.npmjs.org/iconv-lite/-/iconv-lite-0.4.18.tgz",
      "integrity": "sha512-sr1ZQph3UwHTR0XftSbK85OvBbxe/abLGzEnPENCQwmHf7sck8Oyu4ob3LgBxWWxRoM+QszeUyl7jbqapu2TqA=="
    },
    "inflight": {
      "version": "1.0.6",
      "resolved": "https://registry.npmjs.org/inflight/-/inflight-1.0.6.tgz",
      "integrity": "sha1-Sb1jMdfQLQwJvJEKEHW6gWW1bfk=",
      "requires": {
        "once": "1.4.0",
        "wrappy": "1.0.2"
      }
    },
    "inherits": {
      "version": "2.0.3",
      "resolved": "https://registry.npmjs.org/inherits/-/inherits-2.0.3.tgz",
      "integrity": "sha1-Yzwsg+PaQqUC9SRmAiSA9CCCYd4="
    },
    "ip-subnet-calculator": {
      "version": "1.1.8",
      "resolved": "https://registry.npmjs.org/ip-subnet-calculator/-/ip-subnet-calculator-1.1.8.tgz",
      "integrity": "sha1-m8AuIz1aQ++uet60X2ppS4K5cP0="
    },
    "is-object": {
      "version": "1.0.1",
      "resolved": "https://registry.npmjs.org/is-object/-/is-object-1.0.1.tgz",
      "integrity": "sha1-iVJojF7C/9awPsyF52ngKQMINHA="
    },
    "is-plain-obj": {
      "version": "1.1.0",
      "resolved": "https://registry.npmjs.org/is-plain-obj/-/is-plain-obj-1.1.0.tgz",
      "integrity": "sha1-caUMhCnfync8kqOQpKA7OfzVHT4="
    },
    "is-redirect": {
      "version": "1.0.0",
      "resolved": "https://registry.npmjs.org/is-redirect/-/is-redirect-1.0.0.tgz",
      "integrity": "sha1-HQPd7VO9jbDzDCbk+V02/HyH3CQ="
    },
    "is-retry-allowed": {
      "version": "1.1.0",
      "resolved": "https://registry.npmjs.org/is-retry-allowed/-/is-retry-allowed-1.1.0.tgz",
      "integrity": "sha1-EaBgVotnM5REAz0BJaYaINVk+zQ="
    },
    "is-stream": {
      "version": "1.1.0",
      "resolved": "https://registry.npmjs.org/is-stream/-/is-stream-1.1.0.tgz",
      "integrity": "sha1-EtSj3U5o4Lec6428hBc66A2RykQ="
    },
    "is-tls-client-hello": {
      "version": "1.0.0",
      "resolved": "https://registry.npmjs.org/is-tls-client-hello/-/is-tls-client-hello-1.0.0.tgz",
      "integrity": "sha1-nEeNgO9HyWpBSjsOEPXMN4g85Lk="
    },
    "isexe": {
      "version": "2.0.0",
      "resolved": "https://registry.npmjs.org/isexe/-/isexe-2.0.0.tgz",
      "integrity": "sha1-6PvzdNxVb/iUehDcsFctYz8s+hA="
    },
    "isurl": {
      "version": "1.0.0",
      "resolved": "https://registry.npmjs.org/isurl/-/isurl-1.0.0.tgz",
      "integrity": "sha512-1P/yWsxPlDtn7QeRD+ULKQPaIaN6yF368GZ2vDfv0AL0NwpStafjWCDDdn0k8wgFMWpVAqG7oJhxHnlud42i9w==",
      "requires": {
        "has-to-string-tag-x": "1.4.0",
        "is-object": "1.0.1"
      }
    },
    "json-stable-stringify": {
      "version": "1.0.1",
      "resolved": "https://registry.npmjs.org/json-stable-stringify/-/json-stable-stringify-1.0.1.tgz",
      "integrity": "sha1-mnWdOcXy/1A/1TAGRu1EX4jE+a8=",
      "requires": {
        "jsonify": "0.0.0"
      }
    },
    "jsonify": {
      "version": "0.0.0",
      "resolved": "https://registry.npmjs.org/jsonify/-/jsonify-0.0.0.tgz",
      "integrity": "sha1-LHS27kHZPKUbe1qu6PUDYx0lKnM="
    },
    "jstransform": {
      "version": "11.0.3",
      "resolved": "https://registry.npmjs.org/jstransform/-/jstransform-11.0.3.tgz",
      "integrity": "sha1-CaeJk+CuTU70SH9hVakfYZDLQiM=",
      "requires": {
        "base62": "1.2.0",
        "commoner": "0.10.8",
        "esprima-fb": "15001.1.0-dev-harmony-fb",
        "object-assign": "2.1.1",
        "source-map": "0.4.4"
      }
    },
    "lodash": {
      "version": "4.17.4",
      "resolved": "https://registry.npmjs.org/lodash/-/lodash-4.17.4.tgz",
      "integrity": "sha1-eCA6TRwyiuHYbcpkYONptX9AVa4="
    },
    "lowercase-keys": {
      "version": "1.0.0",
      "resolved": "https://registry.npmjs.org/lowercase-keys/-/lowercase-keys-1.0.0.tgz",
      "integrity": "sha1-TjNms55/VFfjXxMkvfb4jQv8cwY="
    },
    "lru-cache": {
      "version": "4.1.1",
      "resolved": "https://registry.npmjs.org/lru-cache/-/lru-cache-4.1.1.tgz",
      "integrity": "sha512-q4spe4KTfsAS1SUHLO0wz8Qiyf1+vMIAgpRYioFYDMNqKfHQbg+AVDH3i4fvpl71/P1L0dBl+fQi+P37UYf0ew==",
      "requires": {
        "pseudomap": "1.0.2",
        "yallist": "2.1.2"
      }
    },
    "mimic-response": {
      "version": "1.0.0",
      "resolved": "https://registry.npmjs.org/mimic-response/-/mimic-response-1.0.0.tgz",
      "integrity": "sha1-3z02Uqc/3ta5sLJBRub9BSNTRY4="
    },
    "minimatch": {
      "version": "3.0.4",
      "resolved": "https://registry.npmjs.org/minimatch/-/minimatch-3.0.4.tgz",
      "integrity": "sha512-yJHVQEhyqPLUTgt9B83PXu6W3rx4MvvHvSUvToogpwoGDOUQ+yDrR0HRot+yOCdCO7u4hX3pWft6kWBBcqh0UA==",
      "requires": {
        "brace-expansion": "1.1.8"
      }
    },
    "minimist": {
      "version": "0.0.8",
      "resolved": "https://registry.npmjs.org/minimist/-/minimist-0.0.8.tgz",
      "integrity": "sha1-hX/Kv8M5fSYluCKCYuhqp6ARsF0="
    },
    "mkdirp": {
      "version": "0.5.1",
      "resolved": "https://registry.npmjs.org/mkdirp/-/mkdirp-0.5.1.tgz",
      "integrity": "sha1-MAV0OOrGz3+MR2fzhkjWaX11yQM=",
      "requires": {
        "minimist": "0.0.8"
      }
    },
    "ms": {
      "version": "2.0.0",
      "resolved": "https://registry.npmjs.org/ms/-/ms-2.0.0.tgz",
      "integrity": "sha1-VgiurfwAvmwpAd9fmGF4jeDVl8g="
    },
    "nan": {
      "version": "2.6.2",
      "resolved": "https://registry.npmjs.org/nan/-/nan-2.6.2.tgz",
      "integrity": "sha1-5P805slf37WuzAjeZZb0NgWn20U="
    },
    "needle": {
      "version": "1.1.2",
      "resolved": "https://registry.npmjs.org/needle/-/needle-1.1.2.tgz",
      "integrity": "sha1-0oQaElv9dP77MMA0QQQ2kGHD4To=",
      "requires": {
        "debug": "2.6.8",
        "iconv-lite": "0.4.18"
      }
    },
    "network": {
      "version": "0.3.2",
      "resolved": "https://registry.npmjs.org/network/-/network-0.3.2.tgz",
      "integrity": "sha1-fZhbMqzwn45EFAp9VPzBt+E4sFM=",
      "requires": {
        "async": "1.5.2",
        "needle": "1.1.2",
        "wmic": "0.1.0"
      }
    },
    "node-version": {
      "version": "1.1.0",
      "resolved": "https://registry.npmjs.org/node-version/-/node-version-1.1.0.tgz",
      "integrity": "sha512-t1V2RFiaTavaW3jtQO0A2nok6k7/Gghuvx2rjvICuT0B0dYaObBQ4U0xHL+ZTPFZodt1LMYG2Vi2nypfz4/AJg=="
    },
    "object-assign": {
      "version": "2.1.1",
      "resolved": "https://registry.npmjs.org/object-assign/-/object-assign-2.1.1.tgz",
      "integrity": "sha1-Q8NuXVaf+OSBbE76i+AtJpZ8GKo="
    },
    "once": {
      "version": "1.4.0",
      "resolved": "https://registry.npmjs.org/once/-/once-1.4.0.tgz",
      "integrity": "sha1-WDsap3WWHUsROsF9nFC6753Xa9E=",
      "requires": {
        "wrappy": "1.0.2"
      }
    },
    "oui": {
      "version": "6.3.14",
      "resolved": "https://registry.npmjs.org/oui/-/oui-6.3.14.tgz",
      "integrity": "sha512-cYzUwuSfdtZ1asbBZChYsWnjxqAPoLz0Pbak1F3hwDsjYACIhpu5AWMBEL/6tuokvhdqJVmiV8SsJz++bAaWWA==",
      "requires": {
        "char-spinner": "1.0.1",
        "columnify": "1.5.4",
        "country-data": "0.0.31",
        "get-stdin": "5.0.1",
        "got": "6.7.1",
        "json-stable-stringify": "1.0.1",
        "minimatch": "3.0.4"
      }
    },
    "p-cancelable": {
      "version": "0.3.0",
      "resolved": "https://registry.npmjs.org/p-cancelable/-/p-cancelable-0.3.0.tgz",
      "integrity": "sha512-RVbZPLso8+jFeq1MfNvgXtCRED2raz/dKpacfTNxsx6pLEpEomM7gah6VeHSYV3+vo0OAi4MkArtQcWWXuQoyw=="
    },
    "p-finally": {
      "version": "1.0.0",
      "resolved": "https://registry.npmjs.org/p-finally/-/p-finally-1.0.0.tgz",
      "integrity": "sha1-P7z7FbiZpEEjs0ttzBi3JDNqLK4="
    },
    "p-timeout": {
      "version": "1.2.0",
      "resolved": "https://registry.npmjs.org/p-timeout/-/p-timeout-1.2.0.tgz",
      "integrity": "sha1-mCD5lDTFgXhotPNICe5SkWYNW2w=",
      "requires": {
        "p-finally": "1.0.0"
      }
    },
    "path-is-absolute": {
      "version": "1.0.1",
      "resolved": "https://registry.npmjs.org/path-is-absolute/-/path-is-absolute-1.0.1.tgz",
      "integrity": "sha1-F0uSaHNVNP+8es5r9TpanhtcX18="
    },
    "pcap": {
      "version": "git+https://github.com/mranney/node_pcap.git#b4eb828fbfb3ad9a253351aa38cb41c203589712",
      "requires": {
        "nan": "2.6.2",
        "socketwatcher": "0.3.0"
      }
    },
    "ping": {
      "version": "0.2.2",
      "resolved": "https://registry.npmjs.org/ping/-/ping-0.2.2.tgz",
      "integrity": "sha1-GA+3UIwdx0eThJvONcgHP5llvOI=",
      "requires": {
        "q": "1.5.0",
        "underscore": "1.8.3"
      }
    },
    "prepend-http": {
      "version": "1.0.4",
      "resolved": "https://registry.npmjs.org/prepend-http/-/prepend-http-1.0.4.tgz",
      "integrity": "sha1-1PRWKwzjaW5BrFLQ4ALlemNdxtw="
    },
    "private": {
      "version": "0.1.7",
      "resolved": "https://registry.npmjs.org/private/-/private-0.1.7.tgz",
      "integrity": "sha1-aM5eih7woju1cMwoU3tTMqumPvE="
    },
    "promise-polyfill": {
      "version": "6.0.2",
      "resolved": "https://registry.npmjs.org/promise-polyfill/-/promise-polyfill-6.0.2.tgz",
      "integrity": "sha1-2chtPcTcLfkBboiUbe/Wm0m0EWI="
    },
    "pseudomap": {
      "version": "1.0.2",
      "resolved": "https://registry.npmjs.org/pseudomap/-/pseudomap-1.0.2.tgz",
      "integrity": "sha1-8FKijacOYYkX7wqKw0wa5aaChrM="
    },
    "q": {
      "version": "1.5.0",
      "resolved": "https://registry.npmjs.org/q/-/q-1.5.0.tgz",
      "integrity": "sha1-3QG6ydBtMObyGa7LglPunr3DCPE="
    },
    "recast": {
      "version": "0.11.23",
      "resolved": "https://registry.npmjs.org/recast/-/recast-0.11.23.tgz",
      "integrity": "sha1-RR/TAEqx5N+bTktmN2sqIZEkYtM=",
      "requires": {
        "ast-types": "0.9.6",
        "esprima": "3.1.3",
        "private": "0.1.7",
        "source-map": "0.5.6"
      },
      "dependencies": {
        "esprima": {
          "version": "3.1.3",
          "resolved": "https://registry.npmjs.org/esprima/-/esprima-3.1.3.tgz",
          "integrity": "sha1-/cpRzuYTOJXjyI1TXOSdv/YqRjM="
        },
        "source-map": {
          "version": "0.5.6",
          "resolved": "https://registry.npmjs.org/source-map/-/source-map-0.5.6.tgz",
          "integrity": "sha1-dc449SvwczxafwwRjYEzSiu19BI="
        }
      }
    },
    "rw": {
      "version": "1.3.3",
      "resolved": "https://registry.npmjs.org/rw/-/rw-1.3.3.tgz",
      "integrity": "sha1-P4Yt+pGrdmsUiF700BEkv9oHT7Q="
    },
    "safe-buffer": {
      "version": "5.1.1",
      "resolved": "https://registry.npmjs.org/safe-buffer/-/safe-buffer-5.1.1.tgz",
      "integrity": "sha512-kKvNJn6Mm93gAczWVJg7wH+wGYWNrDHdWvpUmHyEsgCtIwwo3bqPtV4tR5tuPaUhTOo/kvhVwd8XwwOllGYkbg=="
    },
    "sni": {
      "version": "1.0.0",
      "resolved": "https://registry.npmjs.org/sni/-/sni-1.0.0.tgz",
      "integrity": "sha1-b6Qr35d23i43zsYBIua+yD3wBvU="
    },
    "socketwatcher": {
      "version": "0.3.0",
      "resolved": "https://registry.npmjs.org/socketwatcher/-/socketwatcher-0.3.0.tgz",
      "integrity": "sha1-SeVhQFj8qrGdZAs3QiWk7qS0t4o=",
      "requires": {
        "nan": "2.6.2"
      }
    },
    "source-map": {
      "version": "0.4.4",
      "resolved": "https://registry.npmjs.org/source-map/-/source-map-0.4.4.tgz",
      "integrity": "sha1-66T12pwNyZneaAMti092FzZSA2s=",
      "requires": {
        "amdefine": "1.0.1"
      }
    },
    "strip-ansi": {
      "version": "3.0.1",
      "resolved": "https://registry.npmjs.org/strip-ansi/-/strip-ansi-3.0.1.tgz",
      "integrity": "sha1-ajhfuIU9lS1f8F0Oiq+UJ43GPc8=",
      "requires": {
        "ansi-regex": "2.1.1"
      }
    },
    "sudo-prompt": {
      "version": "7.1.1",
      "resolved": "https://registry.npmjs.org/sudo-prompt/-/sudo-prompt-7.1.1.tgz",
      "integrity": "sha1-Ph4CWSCwhd/A0HIZPMooZ/qcUbI="
    },
    "through": {
      "version": "2.3.8",
      "resolved": "https://registry.npmjs.org/through/-/through-2.3.8.tgz",
      "integrity": "sha1-DdTJ/6q8NXlgsbckEV1+Doai4fU="
    },
    "timed-out": {
      "version": "4.0.1",
      "resolved": "https://registry.npmjs.org/timed-out/-/timed-out-4.0.1.tgz",
      "integrity": "sha1-8y6srFoXW+ol1/q1Zas+2HQe9W8="
    },
    "underscore": {
      "version": "1.8.3",
      "resolved": "https://registry.npmjs.org/underscore/-/underscore-1.8.3.tgz",
      "integrity": "sha1-Tz+1OxBuYJf8+ctBCfKl6b36UCI="
    },
    "unzip-response": {
      "version": "2.0.1",
      "resolved": "https://registry.npmjs.org/unzip-response/-/unzip-response-2.0.1.tgz",
      "integrity": "sha1-0vD3N9FrBhXnKmk17QQhRXLVb5c="
    },
    "url-parse-lax": {
      "version": "1.0.0",
      "resolved": "https://registry.npmjs.org/url-parse-lax/-/url-parse-lax-1.0.0.tgz",
      "integrity": "sha1-evjzA2Rem9eaJy56FKxovAYJ2nM=",
      "requires": {
        "prepend-http": "1.0.4"
      }
    },
    "url-to-options": {
      "version": "1.0.1",
      "resolved": "https://registry.npmjs.org/url-to-options/-/url-to-options-1.0.1.tgz",
      "integrity": "sha1-FQWgOiiaSMvXpDTvuu7FBV9WM6k="
    },
    "vue": {
      "version": "2.4.2",
      "resolved": "https://registry.npmjs.org/vue/-/vue-2.4.2.tgz",
      "integrity": "sha512-GB5r+CsrCHIB1PoXt4wgBienjF3WGYOIaTK27tDk96sZxpL5RwRrsi9I3ECwFt8x8qAmxT2xk1vsY2Vpcn9nIw=="
    },
    "vue-d3": {
      "version": "0.1.0",
      "resolved": "https://registry.npmjs.org/vue-d3/-/vue-d3-0.1.0.tgz",
      "integrity": "sha1-WwRLpmRaHOhr3L1WEj8sfZ4OMtw=",
      "requires": {
        "d3": "4.10.0",
        "vue": "1.0.28"
      },
      "dependencies": {
        "vue": {
          "version": "1.0.28",
          "resolved": "https://registry.npmjs.org/vue/-/vue-1.0.28.tgz",
          "integrity": "sha1-7S/weyAL3hXIepDvhyfO6n04Vn0=",
          "requires": {
            "envify": "3.4.1"
          }
        }
      }
    },
    "vue-electron": {
      "version": "1.0.6",
      "resolved": "https://registry.npmjs.org/vue-electron/-/vue-electron-1.0.6.tgz",
      "integrity": "sha1-55jgMYC4kzU53v4x+S5TuSQrlAY="
    },
    "vue-resource": {
      "version": "1.3.4",
      "resolved": "https://registry.npmjs.org/vue-resource/-/vue-resource-1.3.4.tgz",
      "integrity": "sha1-n8C99qL1yrQwEp/JnTR7PernsJk=",
      "requires": {
        "got": "7.1.0"
      },
      "dependencies": {
        "got": {
          "version": "7.1.0",
          "resolved": "https://registry.npmjs.org/got/-/got-7.1.0.tgz",
          "integrity": "sha512-Y5WMo7xKKq1muPsxD+KmrR8DH5auG7fBdDVueZwETwV6VytKyU9OX/ddpq2/1hp1vIPvVb4T81dKQz3BivkNLw==",
          "requires": {
            "decompress-response": "3.3.0",
            "duplexer3": "0.1.4",
            "get-stream": "3.0.0",
            "is-plain-obj": "1.1.0",
            "is-retry-allowed": "1.1.0",
            "is-stream": "1.1.0",
            "isurl": "1.0.0",
            "lowercase-keys": "1.0.0",
            "p-cancelable": "0.3.0",
            "p-timeout": "1.2.0",
            "safe-buffer": "5.1.1",
            "timed-out": "4.0.1",
            "url-parse-lax": "1.0.0",
            "url-to-options": "1.0.1"
          }
        }
      }
    },
    "vue-router": {
      "version": "2.7.0",
      "resolved": "https://registry.npmjs.org/vue-router/-/vue-router-2.7.0.tgz",
      "integrity": "sha512-kxgsT50dDExua3i103nxNBjlfk8LeUmO9iujVxXV42MnISINHUjqMrknpOOJEg+i9nEkoVgG8N86Pklze35c/A=="
    },
    "vuex": {
      "version": "2.3.1",
      "resolved": "https://registry.npmjs.org/vuex/-/vuex-2.3.1.tgz",
      "integrity": "sha1-zejpl8H5lXcZvH3qFU+appHZgaY="
    },
    "vuex-router-sync": {
      "version": "4.2.0",
      "resolved": "https://registry.npmjs.org/vuex-router-sync/-/vuex-router-sync-4.2.0.tgz",
      "integrity": "sha512-Eqm4QzflZd/uxxvykyStJV7WIbHtsLbglSxKNx1U4hh3/0WlNQeUNtSaTfZ660uJ846tuVIC9l5wROEQwhxHYg=="
    },
    "wcwidth": {
      "version": "1.0.1",
      "resolved": "https://registry.npmjs.org/wcwidth/-/wcwidth-1.0.1.tgz",
      "integrity": "sha1-8LDc+RW8X/FSivrbLA4XtTLaL+g=",
      "requires": {
        "defaults": "1.0.3"
      }
    },
    "which": {
      "version": "1.3.0",
      "resolved": "https://registry.npmjs.org/which/-/which-1.3.0.tgz",
      "integrity": "sha512-xcJpopdamTuY5duC/KnTTNBraPK54YwpenP4lzxU8H91GudWpFv38u0CKjclE1Wi2EH2EDz5LRcHcKbCIzqGyg==",
      "requires": {
        "isexe": "2.0.0"
      }
    },
    "wmic": {
      "version": "0.1.0",
      "resolved": "https://registry.npmjs.org/wmic/-/wmic-0.1.0.tgz",
      "integrity": "sha1-eLQasR0VTLgSgZ4SkWdNrVXY4dc=",
      "requires": {
        "async": "2.5.0",
        "iconv-lite": "0.4.18"
      },
      "dependencies": {
        "async": {
          "version": "2.5.0",
          "resolved": "https://registry.npmjs.org/async/-/async-2.5.0.tgz",
          "integrity": "sha512-e+lJAJeNWuPCNyxZKOBdaJGyLGHugXVQtrAwtuAe2vhxTYxFTKE73p8JuTmdH0qdQZtDvI4dhJwjZc5zsfIsYw==",
          "requires": {
            "lodash": "4.17.4"
          }
        }
      }
    },
    "wrappy": {
      "version": "1.0.2",
      "resolved": "https://registry.npmjs.org/wrappy/-/wrappy-1.0.2.tgz",
      "integrity": "sha1-tSQ9jz7BqjXxNkYFvA0QNuMKtp8="
    },
    "xmlhttprequest": {
      "version": "1.8.0",
      "resolved": "https://registry.npmjs.org/xmlhttprequest/-/xmlhttprequest-1.8.0.tgz",
      "integrity": "sha1-Z/4HXFwk/vOfnWX197f+dRcZaPw="
    },
    "yallist": {
      "version": "2.1.2",
      "resolved": "https://registry.npmjs.org/yallist/-/yallist-2.1.2.tgz",
      "integrity": "sha1-HBH5IY8HYImkfdUS+TxmmaaoHVI="
    }
  }
}
